// !$*UTF8*$!
{
	archiveVersion = 1;
	classes = {
	};
	objectVersion = 46;
	objects = {

/* Begin PBXBuildFile section */
		60084CF71E6AF52300D17A6F /* Somen.framework in Frameworks */ = {isa = PBXBuildFile; fileRef = 60084CED1E6AF52300D17A6F /* Somen.framework */; };
		60084CFC1E6AF52300D17A6F /* SomenTests.swift in Sources */ = {isa = PBXBuildFile; fileRef = 60084CFB1E6AF52300D17A6F /* SomenTests.swift */; };
		60084CFE1E6AF52300D17A6F /* Somen.h in Headers */ = {isa = PBXBuildFile; fileRef = 60084CF01E6AF52300D17A6F /* Somen.h */; settings = {ATTRIBUTES = (Public, ); }; };
		60084D0E1E6AF57000D17A6F /* AppDelegate.swift in Sources */ = {isa = PBXBuildFile; fileRef = 60084D0D1E6AF57000D17A6F /* AppDelegate.swift */; };
		60084D101E6AF57000D17A6F /* ViewController.swift in Sources */ = {isa = PBXBuildFile; fileRef = 60084D0F1E6AF57000D17A6F /* ViewController.swift */; };
		60084D131E6AF57000D17A6F /* Main.storyboard in Resources */ = {isa = PBXBuildFile; fileRef = 60084D111E6AF57000D17A6F /* Main.storyboard */; };
		60084D151E6AF57000D17A6F /* Assets.xcassets in Resources */ = {isa = PBXBuildFile; fileRef = 60084D141E6AF57000D17A6F /* Assets.xcassets */; };
		60084D181E6AF57000D17A6F /* LaunchScreen.storyboard in Resources */ = {isa = PBXBuildFile; fileRef = 60084D161E6AF57000D17A6F /* LaunchScreen.storyboard */; };
		60E732701E6AFA3000AB2C7D /* Somen.swift in Sources */ = {isa = PBXBuildFile; fileRef = 60E7326F1E6AFA3000AB2C7D /* Somen.swift */; };
		60E732721E6AFA4700AB2C7D /* RxSwift.framework in Frameworks */ = {isa = PBXBuildFile; fileRef = 60E732711E6AFA4700AB2C7D /* RxSwift.framework */; };
		60E732761E6AFDCD00AB2C7D /* OAuth.swift in Sources */ = {isa = PBXBuildFile; fileRef = 60E732751E6AFDCD00AB2C7D /* OAuth.swift */; };
		60E732781E6B00C900AB2C7D /* StringExtension.swift in Sources */ = {isa = PBXBuildFile; fileRef = 60E732771E6B00C900AB2C7D /* StringExtension.swift */; };
		60E7328D1E6B09A600AB2C7D /* CommonCrypto.framework in Frameworks */ = {isa = PBXBuildFile; fileRef = 60E7328B1E6B09A600AB2C7D /* CommonCrypto.framework */; };
		60E7328E1E6B09A600AB2C7D /* Crypto.framework in Frameworks */ = {isa = PBXBuildFile; fileRef = 60E7328C1E6B09A600AB2C7D /* Crypto.framework */; };
		60E732901E6B0D4000AB2C7D /* RxCocoa.framework in Frameworks */ = {isa = PBXBuildFile; fileRef = 60E7328F1E6B0D4000AB2C7D /* RxCocoa.framework */; };
		60E7329B1E6B0F6F00AB2C7D /* AppDelegate.swift in Sources */ = {isa = PBXBuildFile; fileRef = 60E7329A1E6B0F6F00AB2C7D /* AppDelegate.swift */; };
		60E7329D1E6B0F6F00AB2C7D /* ViewController.swift in Sources */ = {isa = PBXBuildFile; fileRef = 60E7329C1E6B0F6F00AB2C7D /* ViewController.swift */; };
		60E7329F1E6B0F6F00AB2C7D /* Assets.xcassets in Resources */ = {isa = PBXBuildFile; fileRef = 60E7329E1E6B0F6F00AB2C7D /* Assets.xcassets */; };
		60E732A21E6B0F6F00AB2C7D /* Main.storyboard in Resources */ = {isa = PBXBuildFile; fileRef = 60E732A01E6B0F6F00AB2C7D /* Main.storyboard */; };
		60E732A91E6B0FE500AB2C7D /* RxCocoa.framework in Frameworks */ = {isa = PBXBuildFile; fileRef = 60E7328F1E6B0D4000AB2C7D /* RxCocoa.framework */; };
		60E732AA1E6B0FE500AB2C7D /* RxSwift.framework in Frameworks */ = {isa = PBXBuildFile; fileRef = 60E732711E6AFA4700AB2C7D /* RxSwift.framework */; };
/* End PBXBuildFile section */

/* Begin PBXContainerItemProxy section */
		60084CF81E6AF52300D17A6F /* PBXContainerItemProxy */ = {
			isa = PBXContainerItemProxy;
			containerPortal = 60084CE41E6AF52300D17A6F /* Project object */;
			proxyType = 1;
			remoteGlobalIDString = 60084CEC1E6AF52300D17A6F;
			remoteInfo = Somen;
		};
		60E732911E6B0E0A00AB2C7D /* PBXContainerItemProxy */ = {
			isa = PBXContainerItemProxy;
			containerPortal = 60084CE41E6AF52300D17A6F /* Project object */;
			proxyType = 1;
			remoteGlobalIDString = 60084CEC1E6AF52300D17A6F;
			remoteInfo = Somen;
		};
		60E732A71E6B0F7B00AB2C7D /* PBXContainerItemProxy */ = {
			isa = PBXContainerItemProxy;
			containerPortal = 60084CE41E6AF52300D17A6F /* Project object */;
			proxyType = 1;
			remoteGlobalIDString = 60084CEC1E6AF52300D17A6F;
			remoteInfo = Somen;
		};
/* End PBXContainerItemProxy section */

/* Begin PBXFileReference section */
		60084CED1E6AF52300D17A6F /* Somen.framework */ = {isa = PBXFileReference; explicitFileType = wrapper.framework; includeInIndex = 0; path = Somen.framework; sourceTree = BUILT_PRODUCTS_DIR; };
		60084CF01E6AF52300D17A6F /* Somen.h */ = {isa = PBXFileReference; lastKnownFileType = sourcecode.c.h; path = Somen.h; sourceTree = "<group>"; };
		60084CF11E6AF52300D17A6F /* Info.plist */ = {isa = PBXFileReference; lastKnownFileType = text.plist.xml; path = Info.plist; sourceTree = "<group>"; };
		60084CF61E6AF52300D17A6F /* SomenTests.xctest */ = {isa = PBXFileReference; explicitFileType = wrapper.cfbundle; includeInIndex = 0; path = SomenTests.xctest; sourceTree = BUILT_PRODUCTS_DIR; };
		60084CFB1E6AF52300D17A6F /* SomenTests.swift */ = {isa = PBXFileReference; lastKnownFileType = sourcecode.swift; path = SomenTests.swift; sourceTree = "<group>"; };
		60084CFD1E6AF52300D17A6F /* Info.plist */ = {isa = PBXFileReference; lastKnownFileType = text.plist.xml; path = Info.plist; sourceTree = "<group>"; };
		60084D0B1E6AF57000D17A6F /* SomenSample.app */ = {isa = PBXFileReference; explicitFileType = wrapper.application; includeInIndex = 0; path = SomenSample.app; sourceTree = BUILT_PRODUCTS_DIR; };
		60084D0D1E6AF57000D17A6F /* AppDelegate.swift */ = {isa = PBXFileReference; lastKnownFileType = sourcecode.swift; path = AppDelegate.swift; sourceTree = "<group>"; };
		60084D0F1E6AF57000D17A6F /* ViewController.swift */ = {isa = PBXFileReference; lastKnownFileType = sourcecode.swift; path = ViewController.swift; sourceTree = "<group>"; };
		60084D121E6AF57000D17A6F /* Base */ = {isa = PBXFileReference; lastKnownFileType = file.storyboard; name = Base; path = Base.lproj/Main.storyboard; sourceTree = "<group>"; };
		60084D141E6AF57000D17A6F /* Assets.xcassets */ = {isa = PBXFileReference; lastKnownFileType = folder.assetcatalog; path = Assets.xcassets; sourceTree = "<group>"; };
		60084D171E6AF57000D17A6F /* Base */ = {isa = PBXFileReference; lastKnownFileType = file.storyboard; name = Base; path = Base.lproj/LaunchScreen.storyboard; sourceTree = "<group>"; };
		60084D191E6AF57000D17A6F /* Info.plist */ = {isa = PBXFileReference; lastKnownFileType = text.plist.xml; path = Info.plist; sourceTree = "<group>"; };
		60E7326F1E6AFA3000AB2C7D /* Somen.swift */ = {isa = PBXFileReference; fileEncoding = 4; lastKnownFileType = sourcecode.swift; path = Somen.swift; sourceTree = "<group>"; };
		60E732711E6AFA4700AB2C7D /* RxSwift.framework */ = {isa = PBXFileReference; lastKnownFileType = wrapper.framework; name = RxSwift.framework; path = Carthage/Build/Mac/RxSwift.framework; sourceTree = SOURCE_ROOT; };
		60E732751E6AFDCD00AB2C7D /* OAuth.swift */ = {isa = PBXFileReference; fileEncoding = 4; lastKnownFileType = sourcecode.swift; path = OAuth.swift; sourceTree = "<group>"; };
		60E732771E6B00C900AB2C7D /* StringExtension.swift */ = {isa = PBXFileReference; fileEncoding = 4; lastKnownFileType = sourcecode.swift; path = StringExtension.swift; sourceTree = "<group>"; };
		60E7328B1E6B09A600AB2C7D /* CommonCrypto.framework */ = {isa = PBXFileReference; lastKnownFileType = wrapper.framework; name = CommonCrypto.framework; path = Carthage/Build/Mac/CommonCrypto.framework; sourceTree = SOURCE_ROOT; };
		60E7328C1E6B09A600AB2C7D /* Crypto.framework */ = {isa = PBXFileReference; lastKnownFileType = wrapper.framework; name = Crypto.framework; path = Carthage/Build/Mac/Crypto.framework; sourceTree = SOURCE_ROOT; };
		60E7328F1E6B0D4000AB2C7D /* RxCocoa.framework */ = {isa = PBXFileReference; lastKnownFileType = wrapper.framework; name = RxCocoa.framework; path = Carthage/Build/Mac/RxCocoa.framework; sourceTree = SOURCE_ROOT; };
		60E732981E6B0F6F00AB2C7D /* SomenMacSample.app */ = {isa = PBXFileReference; explicitFileType = wrapper.application; includeInIndex = 0; path = SomenMacSample.app; sourceTree = BUILT_PRODUCTS_DIR; };
		60E7329A1E6B0F6F00AB2C7D /* AppDelegate.swift */ = {isa = PBXFileReference; lastKnownFileType = sourcecode.swift; path = AppDelegate.swift; sourceTree = "<group>"; };
		60E7329C1E6B0F6F00AB2C7D /* ViewController.swift */ = {isa = PBXFileReference; lastKnownFileType = sourcecode.swift; path = ViewController.swift; sourceTree = "<group>"; };
		60E7329E1E6B0F6F00AB2C7D /* Assets.xcassets */ = {isa = PBXFileReference; lastKnownFileType = folder.assetcatalog; path = Assets.xcassets; sourceTree = "<group>"; };
		60E732A11E6B0F6F00AB2C7D /* Base */ = {isa = PBXFileReference; lastKnownFileType = file.storyboard; name = Base; path = Base.lproj/Main.storyboard; sourceTree = "<group>"; };
		60E732A31E6B0F6F00AB2C7D /* Info.plist */ = {isa = PBXFileReference; lastKnownFileType = text.plist.xml; path = Info.plist; sourceTree = "<group>"; };
/* End PBXFileReference section */

/* Begin PBXFrameworksBuildPhase section */
		60084CE91E6AF52300D17A6F /* Frameworks */ = {
			isa = PBXFrameworksBuildPhase;
			buildActionMask = 2147483647;
			files = (
				60E732901E6B0D4000AB2C7D /* RxCocoa.framework in Frameworks */,
				60E7328E1E6B09A600AB2C7D /* Crypto.framework in Frameworks */,
				60E7328D1E6B09A600AB2C7D /* CommonCrypto.framework in Frameworks */,
				60E732721E6AFA4700AB2C7D /* RxSwift.framework in Frameworks */,
			);
			runOnlyForDeploymentPostprocessing = 0;
		};
		60084CF31E6AF52300D17A6F /* Frameworks */ = {
			isa = PBXFrameworksBuildPhase;
			buildActionMask = 2147483647;
			files = (
				60084CF71E6AF52300D17A6F /* Somen.framework in Frameworks */,
			);
			runOnlyForDeploymentPostprocessing = 0;
		};
		60084D081E6AF57000D17A6F /* Frameworks */ = {
			isa = PBXFrameworksBuildPhase;
			buildActionMask = 2147483647;
			files = (
			);
			runOnlyForDeploymentPostprocessing = 0;
		};
		60E732951E6B0F6F00AB2C7D /* Frameworks */ = {
			isa = PBXFrameworksBuildPhase;
			buildActionMask = 2147483647;
			files = (
				60E732AA1E6B0FE500AB2C7D /* RxSwift.framework in Frameworks */,
				60E732A91E6B0FE500AB2C7D /* RxCocoa.framework in Frameworks */,
			);
			runOnlyForDeploymentPostprocessing = 0;
		};
/* End PBXFrameworksBuildPhase section */

/* Begin PBXGroup section */
		60084CE31E6AF52300D17A6F = {
			isa = PBXGroup;
			children = (
				60084CEF1E6AF52300D17A6F /* Somen */,
				60084CFA1E6AF52300D17A6F /* SomenTests */,
				60084D0C1E6AF57000D17A6F /* SomenSample */,
				60E732991E6B0F6F00AB2C7D /* SomenMacSample */,
				60084CEE1E6AF52300D17A6F /* Products */,
			);
			sourceTree = "<group>";
		};
		60084CEE1E6AF52300D17A6F /* Products */ = {
			isa = PBXGroup;
			children = (
				60084CED1E6AF52300D17A6F /* Somen.framework */,
				60084CF61E6AF52300D17A6F /* SomenTests.xctest */,
				60084D0B1E6AF57000D17A6F /* SomenSample.app */,
				60E732981E6B0F6F00AB2C7D /* SomenMacSample.app */,
			);
			name = Products;
			sourceTree = "<group>";
		};
		60084CEF1E6AF52300D17A6F /* Somen */ = {
			isa = PBXGroup;
			children = (
				60E7328F1E6B0D4000AB2C7D /* RxCocoa.framework */,
				60E7328B1E6B09A600AB2C7D /* CommonCrypto.framework */,
				60E7328C1E6B09A600AB2C7D /* Crypto.framework */,
				60E732711E6AFA4700AB2C7D /* RxSwift.framework */,
				60084CF01E6AF52300D17A6F /* Somen.h */,
				60084CF11E6AF52300D17A6F /* Info.plist */,
				60E7326F1E6AFA3000AB2C7D /* Somen.swift */,
				60E732751E6AFDCD00AB2C7D /* OAuth.swift */,
				60E732771E6B00C900AB2C7D /* StringExtension.swift */,
			);
			path = Somen;
			sourceTree = "<group>";
		};
		60084CFA1E6AF52300D17A6F /* SomenTests */ = {
			isa = PBXGroup;
			children = (
				60084CFB1E6AF52300D17A6F /* SomenTests.swift */,
				60084CFD1E6AF52300D17A6F /* Info.plist */,
			);
			path = SomenTests;
			sourceTree = "<group>";
		};
		60084D0C1E6AF57000D17A6F /* SomenSample */ = {
			isa = PBXGroup;
			children = (
				60084D0D1E6AF57000D17A6F /* AppDelegate.swift */,
				60084D0F1E6AF57000D17A6F /* ViewController.swift */,
				60084D111E6AF57000D17A6F /* Main.storyboard */,
				60084D141E6AF57000D17A6F /* Assets.xcassets */,
				60084D161E6AF57000D17A6F /* LaunchScreen.storyboard */,
				60084D191E6AF57000D17A6F /* Info.plist */,
			);
			path = SomenSample;
			sourceTree = "<group>";
		};
		60E732991E6B0F6F00AB2C7D /* SomenMacSample */ = {
			isa = PBXGroup;
			children = (
				60E7329A1E6B0F6F00AB2C7D /* AppDelegate.swift */,
				60E7329C1E6B0F6F00AB2C7D /* ViewController.swift */,
				60E7329E1E6B0F6F00AB2C7D /* Assets.xcassets */,
				60E732A01E6B0F6F00AB2C7D /* Main.storyboard */,
				60E732A31E6B0F6F00AB2C7D /* Info.plist */,
			);
			path = SomenMacSample;
			sourceTree = "<group>";
		};
/* End PBXGroup section */

/* Begin PBXHeadersBuildPhase section */
		60084CEA1E6AF52300D17A6F /* Headers */ = {
			isa = PBXHeadersBuildPhase;
			buildActionMask = 2147483647;
			files = (
				60084CFE1E6AF52300D17A6F /* Somen.h in Headers */,
			);
			runOnlyForDeploymentPostprocessing = 0;
		};
/* End PBXHeadersBuildPhase section */

/* Begin PBXNativeTarget section */
		60084CEC1E6AF52300D17A6F /* Somen */ = {
			isa = PBXNativeTarget;
			buildConfigurationList = 60084D011E6AF52300D17A6F /* Build configuration list for PBXNativeTarget "Somen" */;
			buildPhases = (
				60084CE81E6AF52300D17A6F /* Sources */,
				60084CE91E6AF52300D17A6F /* Frameworks */,
				60084CEA1E6AF52300D17A6F /* Headers */,
				60084CEB1E6AF52300D17A6F /* Resources */,
			);
			buildRules = (
			);
			dependencies = (
			);
			name = Somen;
			productName = Somen;
			productReference = 60084CED1E6AF52300D17A6F /* Somen.framework */;
			productType = "com.apple.product-type.framework";
		};
		60084CF51E6AF52300D17A6F /* SomenTests */ = {
			isa = PBXNativeTarget;
			buildConfigurationList = 60084D041E6AF52300D17A6F /* Build configuration list for PBXNativeTarget "SomenTests" */;
			buildPhases = (
				60084CF21E6AF52300D17A6F /* Sources */,
				60084CF31E6AF52300D17A6F /* Frameworks */,
				60084CF41E6AF52300D17A6F /* Resources */,
			);
			buildRules = (
			);
			dependencies = (
				60084CF91E6AF52300D17A6F /* PBXTargetDependency */,
			);
			name = SomenTests;
			productName = SomenTests;
			productReference = 60084CF61E6AF52300D17A6F /* SomenTests.xctest */;
			productType = "com.apple.product-type.bundle.unit-test";
		};
		60084D0A1E6AF57000D17A6F /* SomenSample */ = {
			isa = PBXNativeTarget;
			buildConfigurationList = 60084D1A1E6AF57000D17A6F /* Build configuration list for PBXNativeTarget "SomenSample" */;
			buildPhases = (
				60084D071E6AF57000D17A6F /* Sources */,
				60084D081E6AF57000D17A6F /* Frameworks */,
				60084D091E6AF57000D17A6F /* Resources */,
			);
			buildRules = (
			);
			dependencies = (
				60E732921E6B0E0A00AB2C7D /* PBXTargetDependency */,
			);
			name = SomenSample;
			productName = SomenSample;
			productReference = 60084D0B1E6AF57000D17A6F /* SomenSample.app */;
			productType = "com.apple.product-type.application";
		};
		60E732971E6B0F6F00AB2C7D /* SomenMacSample */ = {
			isa = PBXNativeTarget;
			buildConfigurationList = 60E732A41E6B0F6F00AB2C7D /* Build configuration list for PBXNativeTarget "SomenMacSample" */;
			buildPhases = (
				60E732941E6B0F6F00AB2C7D /* Sources */,
				60E732951E6B0F6F00AB2C7D /* Frameworks */,
				60E732961E6B0F6F00AB2C7D /* Resources */,
				60E732AB1E6B103100AB2C7D /* Carthage */,
			);
			buildRules = (
			);
			dependencies = (
				60E732A81E6B0F7B00AB2C7D /* PBXTargetDependency */,
			);
			name = SomenMacSample;
			productName = SomenMacSample;
			productReference = 60E732981E6B0F6F00AB2C7D /* SomenMacSample.app */;
			productType = "com.apple.product-type.application";
		};
/* End PBXNativeTarget section */

/* Begin PBXProject section */
		60084CE41E6AF52300D17A6F /* Project object */ = {
			isa = PBXProject;
			attributes = {
				LastSwiftUpdateCheck = 0820;
				LastUpgradeCheck = 0820;
				ORGANIZATIONNAME = "Yuya Hirayama";
				TargetAttributes = {
					60084CEC1E6AF52300D17A6F = {
						CreatedOnToolsVersion = 8.2.1;
						DevelopmentTeam = Q3N95Y73WF;
						LastSwiftMigration = 0820;
						ProvisioningStyle = Automatic;
					};
					60084CF51E6AF52300D17A6F = {
						CreatedOnToolsVersion = 8.2.1;
						DevelopmentTeam = Q3N95Y73WF;
						ProvisioningStyle = Automatic;
					};
					60084D0A1E6AF57000D17A6F = {
						CreatedOnToolsVersion = 8.2.1;
						DevelopmentTeam = Q3N95Y73WF;
						ProvisioningStyle = Automatic;
					};
					60E732971E6B0F6F00AB2C7D = {
						CreatedOnToolsVersion = 8.2.1;
						DevelopmentTeam = Q3N95Y73WF;
						ProvisioningStyle = Automatic;
					};
				};
			};
			buildConfigurationList = 60084CE71E6AF52300D17A6F /* Build configuration list for PBXProject "Somen" */;
			compatibilityVersion = "Xcode 3.2";
			developmentRegion = English;
			hasScannedForEncodings = 0;
			knownRegions = (
				en,
				Base,
			);
			mainGroup = 60084CE31E6AF52300D17A6F;
			productRefGroup = 60084CEE1E6AF52300D17A6F /* Products */;
			projectDirPath = "";
			projectRoot = "";
			targets = (
				60084CEC1E6AF52300D17A6F /* Somen */,
				60084CF51E6AF52300D17A6F /* SomenTests */,
				60084D0A1E6AF57000D17A6F /* SomenSample */,
				60E732971E6B0F6F00AB2C7D /* SomenMacSample */,
			);
		};
/* End PBXProject section */

/* Begin PBXResourcesBuildPhase section */
		60084CEB1E6AF52300D17A6F /* Resources */ = {
			isa = PBXResourcesBuildPhase;
			buildActionMask = 2147483647;
			files = (
			);
			runOnlyForDeploymentPostprocessing = 0;
		};
		60084CF41E6AF52300D17A6F /* Resources */ = {
			isa = PBXResourcesBuildPhase;
			buildActionMask = 2147483647;
			files = (
			);
			runOnlyForDeploymentPostprocessing = 0;
		};
		60084D091E6AF57000D17A6F /* Resources */ = {
			isa = PBXResourcesBuildPhase;
			buildActionMask = 2147483647;
			files = (
				60084D181E6AF57000D17A6F /* LaunchScreen.storyboard in Resources */,
				60084D151E6AF57000D17A6F /* Assets.xcassets in Resources */,
				60084D131E6AF57000D17A6F /* Main.storyboard in Resources */,
			);
			runOnlyForDeploymentPostprocessing = 0;
		};
		60E732961E6B0F6F00AB2C7D /* Resources */ = {
			isa = PBXResourcesBuildPhase;
			buildActionMask = 2147483647;
			files = (
				60E7329F1E6B0F6F00AB2C7D /* Assets.xcassets in Resources */,
				60E732A21E6B0F6F00AB2C7D /* Main.storyboard in Resources */,
			);
			runOnlyForDeploymentPostprocessing = 0;
		};
/* End PBXResourcesBuildPhase section */

/* Begin PBXShellScriptBuildPhase section */
		60E732AB1E6B103100AB2C7D /* Carthage */ = {
			isa = PBXShellScriptBuildPhase;
			buildActionMask = 2147483647;
			files = (
			);
			inputPaths = (
				"$(SRCROOT)/Carthage/Build/Mac/RxSwift.framework",
				"$(SRCROOT)/Carthage/Build/Mac/RxCocoa.framework",
				"$(SRCROOT)/Carthage/Build/Mac/Crypto.framework",
				"$(SRCROOT)/Carthage/Build/Mac/CommonCrypto.framework",
			);
			name = Carthage;
			outputPaths = (
			);
			runOnlyForDeploymentPostprocessing = 0;
			shellPath = /bin/sh;
			shellScript = "carthage copy-frameworks";
		};
/* End PBXShellScriptBuildPhase section */

/* Begin PBXSourcesBuildPhase section */
		60084CE81E6AF52300D17A6F /* Sources */ = {
			isa = PBXSourcesBuildPhase;
			buildActionMask = 2147483647;
			files = (
				60E732781E6B00C900AB2C7D /* StringExtension.swift in Sources */,
				60E732761E6AFDCD00AB2C7D /* OAuth.swift in Sources */,
				60E732701E6AFA3000AB2C7D /* Somen.swift in Sources */,
			);
			runOnlyForDeploymentPostprocessing = 0;
		};
		60084CF21E6AF52300D17A6F /* Sources */ = {
			isa = PBXSourcesBuildPhase;
			buildActionMask = 2147483647;
			files = (
				60084CFC1E6AF52300D17A6F /* SomenTests.swift in Sources */,
			);
			runOnlyForDeploymentPostprocessing = 0;
		};
		60084D071E6AF57000D17A6F /* Sources */ = {
			isa = PBXSourcesBuildPhase;
			buildActionMask = 2147483647;
			files = (
				60084D101E6AF57000D17A6F /* ViewController.swift in Sources */,
				60084D0E1E6AF57000D17A6F /* AppDelegate.swift in Sources */,
			);
			runOnlyForDeploymentPostprocessing = 0;
		};
		60E732941E6B0F6F00AB2C7D /* Sources */ = {
			isa = PBXSourcesBuildPhase;
			buildActionMask = 2147483647;
			files = (
				60E7329D1E6B0F6F00AB2C7D /* ViewController.swift in Sources */,
				60E7329B1E6B0F6F00AB2C7D /* AppDelegate.swift in Sources */,
			);
			runOnlyForDeploymentPostprocessing = 0;
		};
/* End PBXSourcesBuildPhase section */

/* Begin PBXTargetDependency section */
		60084CF91E6AF52300D17A6F /* PBXTargetDependency */ = {
			isa = PBXTargetDependency;
			target = 60084CEC1E6AF52300D17A6F /* Somen */;
			targetProxy = 60084CF81E6AF52300D17A6F /* PBXContainerItemProxy */;
		};
		60E732921E6B0E0A00AB2C7D /* PBXTargetDependency */ = {
			isa = PBXTargetDependency;
			target = 60084CEC1E6AF52300D17A6F /* Somen */;
			targetProxy = 60E732911E6B0E0A00AB2C7D /* PBXContainerItemProxy */;
		};
		60E732A81E6B0F7B00AB2C7D /* PBXTargetDependency */ = {
			isa = PBXTargetDependency;
			target = 60084CEC1E6AF52300D17A6F /* Somen */;
			targetProxy = 60E732A71E6B0F7B00AB2C7D /* PBXContainerItemProxy */;
		};
/* End PBXTargetDependency section */

/* Begin PBXVariantGroup section */
		60084D111E6AF57000D17A6F /* Main.storyboard */ = {
			isa = PBXVariantGroup;
			children = (
				60084D121E6AF57000D17A6F /* Base */,
			);
			name = Main.storyboard;
			sourceTree = "<group>";
		};
		60084D161E6AF57000D17A6F /* LaunchScreen.storyboard */ = {
			isa = PBXVariantGroup;
			children = (
				60084D171E6AF57000D17A6F /* Base */,
			);
			name = LaunchScreen.storyboard;
			sourceTree = "<group>";
		};
		60E732A01E6B0F6F00AB2C7D /* Main.storyboard */ = {
			isa = PBXVariantGroup;
			children = (
				60E732A11E6B0F6F00AB2C7D /* Base */,
			);
			name = Main.storyboard;
			sourceTree = "<group>";
		};
/* End PBXVariantGroup section */

/* Begin XCBuildConfiguration section */
		60084CFF1E6AF52300D17A6F /* Debug */ = {
			isa = XCBuildConfiguration;
			buildSettings = {
				ALWAYS_SEARCH_USER_PATHS = NO;
				CLANG_ANALYZER_NONNULL = YES;
				CLANG_CXX_LANGUAGE_STANDARD = "gnu++0x";
				CLANG_CXX_LIBRARY = "libc++";
				CLANG_ENABLE_MODULES = YES;
				CLANG_ENABLE_OBJC_ARC = YES;
				CLANG_WARN_BOOL_CONVERSION = YES;
				CLANG_WARN_CONSTANT_CONVERSION = YES;
				CLANG_WARN_DIRECT_OBJC_ISA_USAGE = YES_ERROR;
				CLANG_WARN_DOCUMENTATION_COMMENTS = YES;
				CLANG_WARN_EMPTY_BODY = YES;
				CLANG_WARN_ENUM_CONVERSION = YES;
				CLANG_WARN_INFINITE_RECURSION = YES;
				CLANG_WARN_INT_CONVERSION = YES;
				CLANG_WARN_OBJC_ROOT_CLASS = YES_ERROR;
				CLANG_WARN_SUSPICIOUS_MOVE = YES;
				CLANG_WARN_UNREACHABLE_CODE = YES;
				CLANG_WARN__DUPLICATE_METHOD_MATCH = YES;
				CODE_SIGN_IDENTITY = "-";
				COPY_PHASE_STRIP = NO;
				CURRENT_PROJECT_VERSION = 1;
				DEBUG_INFORMATION_FORMAT = dwarf;
				ENABLE_STRICT_OBJC_MSGSEND = YES;
				ENABLE_TESTABILITY = YES;
				GCC_C_LANGUAGE_STANDARD = gnu99;
				GCC_DYNAMIC_NO_PIC = NO;
				GCC_NO_COMMON_BLOCKS = YES;
				GCC_OPTIMIZATION_LEVEL = 0;
				GCC_PREPROCESSOR_DEFINITIONS = (
					"DEBUG=1",
					"$(inherited)",
				);
				GCC_WARN_64_TO_32_BIT_CONVERSION = YES;
				GCC_WARN_ABOUT_RETURN_TYPE = YES_ERROR;
				GCC_WARN_UNDECLARED_SELECTOR = YES;
				GCC_WARN_UNINITIALIZED_AUTOS = YES_AGGRESSIVE;
				GCC_WARN_UNUSED_FUNCTION = YES;
				GCC_WARN_UNUSED_VARIABLE = YES;
				MACOSX_DEPLOYMENT_TARGET = 10.12;
				MTL_ENABLE_DEBUG_INFO = YES;
				ONLY_ACTIVE_ARCH = YES;
				SDKROOT = macosx;
				SWIFT_ACTIVE_COMPILATION_CONDITIONS = DEBUG;
				SWIFT_OPTIMIZATION_LEVEL = "-Onone";
				VERSIONING_SYSTEM = "apple-generic";
				VERSION_INFO_PREFIX = "";
			};
			name = Debug;
		};
		60084D001E6AF52300D17A6F /* Release */ = {
			isa = XCBuildConfiguration;
			buildSettings = {
				ALWAYS_SEARCH_USER_PATHS = NO;
				CLANG_ANALYZER_NONNULL = YES;
				CLANG_CXX_LANGUAGE_STANDARD = "gnu++0x";
				CLANG_CXX_LIBRARY = "libc++";
				CLANG_ENABLE_MODULES = YES;
				CLANG_ENABLE_OBJC_ARC = YES;
				CLANG_WARN_BOOL_CONVERSION = YES;
				CLANG_WARN_CONSTANT_CONVERSION = YES;
				CLANG_WARN_DIRECT_OBJC_ISA_USAGE = YES_ERROR;
				CLANG_WARN_DOCUMENTATION_COMMENTS = YES;
				CLANG_WARN_EMPTY_BODY = YES;
				CLANG_WARN_ENUM_CONVERSION = YES;
				CLANG_WARN_INFINITE_RECURSION = YES;
				CLANG_WARN_INT_CONVERSION = YES;
				CLANG_WARN_OBJC_ROOT_CLASS = YES_ERROR;
				CLANG_WARN_SUSPICIOUS_MOVE = YES;
				CLANG_WARN_UNREACHABLE_CODE = YES;
				CLANG_WARN__DUPLICATE_METHOD_MATCH = YES;
				CODE_SIGN_IDENTITY = "-";
				COPY_PHASE_STRIP = NO;
				CURRENT_PROJECT_VERSION = 1;
				DEBUG_INFORMATION_FORMAT = "dwarf-with-dsym";
				ENABLE_NS_ASSERTIONS = NO;
				ENABLE_STRICT_OBJC_MSGSEND = YES;
				GCC_C_LANGUAGE_STANDARD = gnu99;
				GCC_NO_COMMON_BLOCKS = YES;
				GCC_WARN_64_TO_32_BIT_CONVERSION = YES;
				GCC_WARN_ABOUT_RETURN_TYPE = YES_ERROR;
				GCC_WARN_UNDECLARED_SELECTOR = YES;
				GCC_WARN_UNINITIALIZED_AUTOS = YES_AGGRESSIVE;
				GCC_WARN_UNUSED_FUNCTION = YES;
				GCC_WARN_UNUSED_VARIABLE = YES;
				MACOSX_DEPLOYMENT_TARGET = 10.12;
				MTL_ENABLE_DEBUG_INFO = NO;
				SDKROOT = macosx;
				SWIFT_OPTIMIZATION_LEVEL = "-Owholemodule";
				VERSIONING_SYSTEM = "apple-generic";
				VERSION_INFO_PREFIX = "";
			};
			name = Release;
		};
		60084D021E6AF52300D17A6F /* Debug */ = {
			isa = XCBuildConfiguration;
			buildSettings = {
				CLANG_ALLOW_NON_MODULAR_INCLUDES_IN_FRAMEWORK_MODULES = YES;
				CLANG_ENABLE_MODULES = YES;
				CODE_SIGN_IDENTITY = "";
				COMBINE_HIDPI_IMAGES = YES;
				DEFINES_MODULE = YES;
				DEVELOPMENT_TEAM = Q3N95Y73WF;
				DYLIB_COMPATIBILITY_VERSION = 1;
				DYLIB_CURRENT_VERSION = 1;
				DYLIB_INSTALL_NAME_BASE = "@rpath";
				FRAMEWORK_SEARCH_PATHS = (
					"$(inherited)",
					"$(PROJECT_DIR)/Carthage/Build/Mac",
					"$(PROJECT_DIR)/",
				);
				FRAMEWORK_VERSION = A;
				INFOPLIST_FILE = Somen/Info.plist;
				INSTALL_PATH = "$(LOCAL_LIBRARY_DIR)/Frameworks";
				LD_RUNPATH_SEARCH_PATHS = "$(inherited) @executable_path/../Frameworks @loader_path/Frameworks";
				PRODUCT_BUNDLE_IDENTIFIER = me.yura.Somen;
				PRODUCT_NAME = "$(TARGET_NAME)";
				SDKROOT = macosx10.12;
				SKIP_INSTALL = YES;
				SWIFT_OPTIMIZATION_LEVEL = "-Onone";
				SWIFT_VERSION = 3.0;
			};
			name = Debug;
		};
		60084D031E6AF52300D17A6F /* Release */ = {
			isa = XCBuildConfiguration;
			buildSettings = {
				CLANG_ALLOW_NON_MODULAR_INCLUDES_IN_FRAMEWORK_MODULES = YES;
				CLANG_ENABLE_MODULES = YES;
				CODE_SIGN_IDENTITY = "";
				COMBINE_HIDPI_IMAGES = YES;
				DEFINES_MODULE = YES;
				DEVELOPMENT_TEAM = Q3N95Y73WF;
				DYLIB_COMPATIBILITY_VERSION = 1;
				DYLIB_CURRENT_VERSION = 1;
				DYLIB_INSTALL_NAME_BASE = "@rpath";
				FRAMEWORK_SEARCH_PATHS = (
					"$(inherited)",
					"$(PROJECT_DIR)/Carthage/Build/Mac",
					"$(PROJECT_DIR)/",
				);
				FRAMEWORK_VERSION = A;
				INFOPLIST_FILE = Somen/Info.plist;
				INSTALL_PATH = "$(LOCAL_LIBRARY_DIR)/Frameworks";
				LD_RUNPATH_SEARCH_PATHS = "$(inherited) @executable_path/../Frameworks @loader_path/Frameworks";
				PRODUCT_BUNDLE_IDENTIFIER = me.yura.Somen;
				PRODUCT_NAME = "$(TARGET_NAME)";
				SDKROOT = macosx10.12;
				SKIP_INSTALL = YES;
				SWIFT_VERSION = 3.0;
			};
			name = Release;
		};
		60084D051E6AF52300D17A6F /* Debug */ = {
			isa = XCBuildConfiguration;
			buildSettings = {
				ALWAYS_EMBED_SWIFT_STANDARD_LIBRARIES = YES;
				COMBINE_HIDPI_IMAGES = YES;
				DEVELOPMENT_TEAM = Q3N95Y73WF;
				INFOPLIST_FILE = SomenTests/Info.plist;
				LD_RUNPATH_SEARCH_PATHS = "$(inherited) @executable_path/../Frameworks @loader_path/../Frameworks";
				PRODUCT_BUNDLE_IDENTIFIER = me.yura.SomenTests;
				PRODUCT_NAME = "$(TARGET_NAME)";
				SWIFT_VERSION = 3.0;
			};
			name = Debug;
		};
		60084D061E6AF52300D17A6F /* Release */ = {
			isa = XCBuildConfiguration;
			buildSettings = {
				ALWAYS_EMBED_SWIFT_STANDARD_LIBRARIES = YES;
				COMBINE_HIDPI_IMAGES = YES;
				DEVELOPMENT_TEAM = Q3N95Y73WF;
				INFOPLIST_FILE = SomenTests/Info.plist;
				LD_RUNPATH_SEARCH_PATHS = "$(inherited) @executable_path/../Frameworks @loader_path/../Frameworks";
				PRODUCT_BUNDLE_IDENTIFIER = me.yura.SomenTests;
				PRODUCT_NAME = "$(TARGET_NAME)";
				SWIFT_VERSION = 3.0;
			};
			name = Release;
		};
		60084D1B1E6AF57000D17A6F /* Debug */ = {
			isa = XCBuildConfiguration;
			buildSettings = {
				ASSETCATALOG_COMPILER_APPICON_NAME = AppIcon;
				"CODE_SIGN_IDENTITY[sdk=iphoneos*]" = "iPhone Developer";
				DEVELOPMENT_TEAM = Q3N95Y73WF;
				INFOPLIST_FILE = SomenSample/Info.plist;
				IPHONEOS_DEPLOYMENT_TARGET = 10.2;
				LD_RUNPATH_SEARCH_PATHS = "$(inherited) @executable_path/Frameworks";
				PRODUCT_BUNDLE_IDENTIFIER = me.yura.SomenSample;
				PRODUCT_NAME = "$(TARGET_NAME)";
				SDKROOT = iphoneos;
				SWIFT_VERSION = 3.0;
			};
			name = Debug;
		};
		60084D1C1E6AF57000D17A6F /* Release */ = {
			isa = XCBuildConfiguration;
			buildSettings = {
				ASSETCATALOG_COMPILER_APPICON_NAME = AppIcon;
				"CODE_SIGN_IDENTITY[sdk=iphoneos*]" = "iPhone Developer";
				DEVELOPMENT_TEAM = Q3N95Y73WF;
				INFOPLIST_FILE = SomenSample/Info.plist;
				IPHONEOS_DEPLOYMENT_TARGET = 10.2;
				LD_RUNPATH_SEARCH_PATHS = "$(inherited) @executable_path/Frameworks";
				PRODUCT_BUNDLE_IDENTIFIER = me.yura.SomenSample;
				PRODUCT_NAME = "$(TARGET_NAME)";
				SDKROOT = iphoneos;
				SWIFT_VERSION = 3.0;
				VALIDATE_PRODUCT = YES;
			};
			name = Release;
		};
		60E732A51E6B0F6F00AB2C7D /* Debug */ = {
			isa = XCBuildConfiguration;
			buildSettings = {
				ASSETCATALOG_COMPILER_APPICON_NAME = AppIcon;
				COMBINE_HIDPI_IMAGES = YES;
				DEVELOPMENT_TEAM = Q3N95Y73WF;
				FRAMEWORK_SEARCH_PATHS = (
					"$(inherited)",
					"$(PROJECT_DIR)/Carthage/Build/Mac",
				);
				INFOPLIST_FILE = SomenMacSample/Info.plist;
				LD_RUNPATH_SEARCH_PATHS = "$(inherited) @executable_path/../Frameworks";
				PRODUCT_BUNDLE_IDENTIFIER = me.yura.SomenMacSample;
				PRODUCT_NAME = "$(TARGET_NAME)";
				SWIFT_VERSION = 3.0;
			};
			name = Debug;
		};
		60E732A61E6B0F6F00AB2C7D /* Release */ = {
			isa = XCBuildConfiguration;
			buildSettings = {
				ASSETCATALOG_COMPILER_APPICON_NAME = AppIcon;
				COMBINE_HIDPI_IMAGES = YES;
				DEVELOPMENT_TEAM = Q3N95Y73WF;
				FRAMEWORK_SEARCH_PATHS = (
					"$(inherited)",
					"$(PROJECT_DIR)/Carthage/Build/Mac",
				);
				INFOPLIST_FILE = SomenMacSample/Info.plist;
				LD_RUNPATH_SEARCH_PATHS = "$(inherited) @executable_path/../Frameworks";
				PRODUCT_BUNDLE_IDENTIFIER = me.yura.SomenMacSample;
				PRODUCT_NAME = "$(TARGET_NAME)";
				SWIFT_VERSION = 3.0;
			};
			name = Release;
		};
/* End XCBuildConfiguration section */

/* Begin XCConfigurationList section */
		60084CE71E6AF52300D17A6F /* Build configuration list for PBXProject "Somen" */ = {
			isa = XCConfigurationList;
			buildConfigurations = (
				60084CFF1E6AF52300D17A6F /* Debug */,
				60084D001E6AF52300D17A6F /* Release */,
			);
			defaultConfigurationIsVisible = 0;
			defaultConfigurationName = Release;
		};
		60084D011E6AF52300D17A6F /* Build configuration list for PBXNativeTarget "Somen" */ = {
			isa = XCConfigurationList;
			buildConfigurations = (
				60084D021E6AF52300D17A6F /* Debug */,
				60084D031E6AF52300D17A6F /* Release */,
			);
			defaultConfigurationIsVisible = 0;
			defaultConfigurationName = Release;
		};
		60084D041E6AF52300D17A6F /* Build configuration list for PBXNativeTarget "SomenTests" */ = {
			isa = XCConfigurationList;
			buildConfigurations = (
				60084D051E6AF52300D17A6F /* Debug */,
				60084D061E6AF52300D17A6F /* Release */,
			);
			defaultConfigurationIsVisible = 0;
			defaultConfigurationName = Release;
		};
		60084D1A1E6AF57000D17A6F /* Build configuration list for PBXNativeTarget "SomenSample" */ = {
			isa = XCConfigurationList;
			buildConfigurations = (
				60084D1B1E6AF57000D17A6F /* Debug */,
				60084D1C1E6AF57000D17A6F /* Release */,
			);
			defaultConfigurationIsVisible = 0;
			defaultConfigurationName = Release;
		};
		60E732A41E6B0F6F00AB2C7D /* Build configuration list for PBXNativeTarget "SomenMacSample" */ = {
			isa = XCConfigurationList;
			buildConfigurations = (
				60E732A51E6B0F6F00AB2C7D /* Debug */,
				60E732A61E6B0F6F00AB2C7D /* Release */,
			);
			defaultConfigurationIsVisible = 0;
		};
/* End XCConfigurationList section */
	};
	rootObject = 60084CE41E6AF52300D17A6F /* Project object */;
}
